[root]
name = "rust-metaballs"
version = "0.1.0"
dependencies = [
 "glium 0.13.3 (registry+https://github.com/rust-lang/crates.io-index)",
 "itertools 0.4.6 (registry+https://github.com/rust-lang/crates.io-index)",
 "nalgebra 0.5.1 (registry+https://github.com/rust-lang/crates.io-index)",
 "piston3d-cam 0.2.0 (git+https://github.com/PistonDevelopers/cam)",
 "rand 0.3.13 (registry+https://github.com/rust-lang/crates.io-index)",
 "time 0.1.34 (registry+https://github.com/rust-lang/crates.io-index)",
 "vecmath 0.2.0 (registry+https://github.com/rust-lang/crates.io-index)",
]

[[package]]
name = "advapi32-sys"
version = "0.1.2"
source = "registry+https://github.com/rust-lang/crates.io-index"
dependencies = [
 "winapi 0.2.5 (registry+https://github.com/rust-lang/crates.io-index)",
 "winapi-build 0.1.1 (registry+https://github.com/rust-lang/crates.io-index)",
]

[[package]]
name = "android_glue"
version = "0.1.3"
source = "registry+https://github.com/rust-lang/crates.io-index"

[[package]]
name = "backtrace"
version = "0.1.8"
source = "registry+https://github.com/rust-lang/crates.io-index"
dependencies = [
 "backtrace-sys 0.1.3 (registry+https://github.com/rust-lang/crates.io-index)",
 "cfg-if 0.1.0 (registry+https://github.com/rust-lang/crates.io-index)",
 "dbghelp-sys 0.2.0 (registry+https://github.com/rust-lang/crates.io-index)",
 "debug-builders 0.1.0 (registry+https://github.com/rust-lang/crates.io-index)",
 "kernel32-sys 0.2.1 (registry+https://github.com/rust-lang/crates.io-index)",
 "libc 0.2.4 (registry+https://github.com/rust-lang/crates.io-index)",
 "winapi 0.2.5 (registry+https://github.com/rust-lang/crates.io-index)",
]

[[package]]
name = "backtrace-sys"
version = "0.1.3"
source = "registry+https://github.com/rust-lang/crates.io-index"
dependencies = [
 "libc 0.2.4 (registry+https://github.com/rust-lang/crates.io-index)",
]

[[package]]
name = "bitflags"
version = "0.3.3"
source = "registry+https://github.com/rust-lang/crates.io-index"

[[package]]
name = "byteorder"
version = "0.4.2"
source = "registry+https://github.com/rust-lang/crates.io-index"

[[package]]
name = "cfg-if"
version = "0.1.0"
source = "registry+https://github.com/rust-lang/crates.io-index"

[[package]]
name = "cgl"
version = "0.1.3"
source = "registry+https://github.com/rust-lang/crates.io-index"
dependencies = [
 "gleam 0.2.0 (registry+https://github.com/rust-lang/crates.io-index)",
 "libc 0.2.4 (registry+https://github.com/rust-lang/crates.io-index)",
]

[[package]]
name = "cocoa"
version = "0.2.2"
source = "registry+https://github.com/rust-lang/crates.io-index"
dependencies = [
 "bitflags 0.3.3 (registry+https://github.com/rust-lang/crates.io-index)",
 "core-graphics 0.2.1 (registry+https://github.com/rust-lang/crates.io-index)",
 "libc 0.2.4 (registry+https://github.com/rust-lang/crates.io-index)",
 "objc 0.1.8 (registry+https://github.com/rust-lang/crates.io-index)",
]

[[package]]
name = "core-foundation"
version = "0.2.0"
source = "registry+https://github.com/rust-lang/crates.io-index"
dependencies = [
 "core-foundation-sys 0.2.0 (registry+https://github.com/rust-lang/crates.io-index)",
 "libc 0.2.4 (registry+https://github.com/rust-lang/crates.io-index)",
]

[[package]]
name = "core-foundation-sys"
version = "0.2.0"
source = "registry+https://github.com/rust-lang/crates.io-index"
dependencies = [
 "libc 0.2.4 (registry+https://github.com/rust-lang/crates.io-index)",
]

[[package]]
name = "core-graphics"
version = "0.2.1"
source = "registry+https://github.com/rust-lang/crates.io-index"
dependencies = [
 "core-foundation 0.2.0 (registry+https://github.com/rust-lang/crates.io-index)",
 "libc 0.2.4 (registry+https://github.com/rust-lang/crates.io-index)",
 "serde 0.6.7 (registry+https://github.com/rust-lang/crates.io-index)",
]

[[package]]
name = "crossbeam"
version = "0.1.6"
source = "registry+https://github.com/rust-lang/crates.io-index"

[[package]]
name = "dbghelp-sys"
version = "0.2.0"
source = "registry+https://github.com/rust-lang/crates.io-index"
dependencies = [
 "winapi 0.2.5 (registry+https://github.com/rust-lang/crates.io-index)",
 "winapi-build 0.1.1 (registry+https://github.com/rust-lang/crates.io-index)",
]

[[package]]
name = "debug-builders"
version = "0.1.0"
source = "registry+https://github.com/rust-lang/crates.io-index"

[[package]]
name = "dlib"
version = "0.2.0"
source = "registry+https://github.com/rust-lang/crates.io-index"
dependencies = [
 "libloading 0.2.1 (registry+https://github.com/rust-lang/crates.io-index)",
]

[[package]]
name = "dwmapi-sys"
version = "0.1.0"
source = "registry+https://github.com/rust-lang/crates.io-index"
dependencies = [
 "winapi 0.2.5 (registry+https://github.com/rust-lang/crates.io-index)",
 "winapi-build 0.1.1 (registry+https://github.com/rust-lang/crates.io-index)",
]

[[package]]
name = "dylib"
version = "0.0.1"
source = "registry+https://github.com/rust-lang/crates.io-index"
dependencies = [
 "libc 0.2.4 (registry+https://github.com/rust-lang/crates.io-index)",
]

[[package]]
name = "gdi32-sys"
version = "0.1.1"
source = "registry+https://github.com/rust-lang/crates.io-index"
dependencies = [
 "winapi 0.2.5 (registry+https://github.com/rust-lang/crates.io-index)",
]

[[package]]
name = "gl_common"
version = "0.1.0"
source = "registry+https://github.com/rust-lang/crates.io-index"
dependencies = [
 "libc 0.1.12 (registry+https://github.com/rust-lang/crates.io-index)",
]

[[package]]
name = "gl_generator"
version = "0.3.0"
source = "registry+https://github.com/rust-lang/crates.io-index"
dependencies = [
 "khronos_api 0.0.8 (registry+https://github.com/rust-lang/crates.io-index)",
 "log 0.3.4 (registry+https://github.com/rust-lang/crates.io-index)",
 "xml-rs 0.1.26 (registry+https://github.com/rust-lang/crates.io-index)",
]

[[package]]
name = "gl_generator"
version = "0.4.2"
source = "registry+https://github.com/rust-lang/crates.io-index"
dependencies = [
 "khronos_api 1.0.0 (registry+https://github.com/rust-lang/crates.io-index)",
 "log 0.3.4 (registry+https://github.com/rust-lang/crates.io-index)",
 "xml-rs 0.2.2 (registry+https://github.com/rust-lang/crates.io-index)",
]

[[package]]
name = "gleam"
version = "0.2.0"
source = "registry+https://github.com/rust-lang/crates.io-index"
dependencies = [
 "gl_generator 0.4.2 (registry+https://github.com/rust-lang/crates.io-index)",
 "khronos_api 1.0.0 (registry+https://github.com/rust-lang/crates.io-index)",
]

[[package]]
name = "glium"
version = "0.13.3"
source = "registry+https://github.com/rust-lang/crates.io-index"
dependencies = [
 "backtrace 0.1.8 (registry+https://github.com/rust-lang/crates.io-index)",
 "gl_generator 0.3.0 (registry+https://github.com/rust-lang/crates.io-index)",
 "glutin 0.4.5 (registry+https://github.com/rust-lang/crates.io-index)",
 "khronos_api 0.0.8 (registry+https://github.com/rust-lang/crates.io-index)",
 "lazy_static 0.1.15 (registry+https://github.com/rust-lang/crates.io-index)",
 "smallvec 0.1.5 (registry+https://github.com/rust-lang/crates.io-index)",
]

[[package]]
name = "glutin"
version = "0.4.5"
source = "registry+https://github.com/rust-lang/crates.io-index"
dependencies = [
 "android_glue 0.1.3 (registry+https://github.com/rust-lang/crates.io-index)",
 "cgl 0.1.3 (registry+https://github.com/rust-lang/crates.io-index)",
 "cocoa 0.2.2 (registry+https://github.com/rust-lang/crates.io-index)",
 "core-foundation 0.2.0 (registry+https://github.com/rust-lang/crates.io-index)",
 "core-graphics 0.2.1 (registry+https://github.com/rust-lang/crates.io-index)",
 "dwmapi-sys 0.1.0 (registry+https://github.com/rust-lang/crates.io-index)",
 "gdi32-sys 0.1.1 (registry+https://github.com/rust-lang/crates.io-index)",
 "gl_common 0.1.0 (registry+https://github.com/rust-lang/crates.io-index)",
 "gl_generator 0.4.2 (registry+https://github.com/rust-lang/crates.io-index)",
 "kernel32-sys 0.2.1 (registry+https://github.com/rust-lang/crates.io-index)",
 "khronos_api 1.0.0 (registry+https://github.com/rust-lang/crates.io-index)",
 "lazy_static 0.1.15 (registry+https://github.com/rust-lang/crates.io-index)",
 "libc 0.2.4 (registry+https://github.com/rust-lang/crates.io-index)",
 "objc 0.1.8 (registry+https://github.com/rust-lang/crates.io-index)",
 "osmesa-sys 0.0.5 (registry+https://github.com/rust-lang/crates.io-index)",
 "shared_library 0.1.2 (registry+https://github.com/rust-lang/crates.io-index)",
 "shell32-sys 0.1.1 (registry+https://github.com/rust-lang/crates.io-index)",
 "user32-sys 0.1.2 (registry+https://github.com/rust-lang/crates.io-index)",
 "wayland-client 0.5.8 (registry+https://github.com/rust-lang/crates.io-index)",
 "wayland-kbd 0.3.3 (registry+https://github.com/rust-lang/crates.io-index)",
 "wayland-window 0.2.2 (registry+https://github.com/rust-lang/crates.io-index)",
 "winapi 0.2.5 (registry+https://github.com/rust-lang/crates.io-index)",
 "x11-dl 2.2.1 (registry+https://github.com/rust-lang/crates.io-index)",
]

[[package]]
name = "itertools"
version = "0.4.6"
source = "registry+https://github.com/rust-lang/crates.io-index"

[[package]]
name = "kernel32-sys"
version = "0.2.1"
source = "registry+https://github.com/rust-lang/crates.io-index"
dependencies = [
 "winapi 0.2.5 (registry+https://github.com/rust-lang/crates.io-index)",
 "winapi-build 0.1.1 (registry+https://github.com/rust-lang/crates.io-index)",
]

[[package]]
name = "khronos_api"
version = "0.0.8"
source = "registry+https://github.com/rust-lang/crates.io-index"

[[package]]
name = "khronos_api"
version = "1.0.0"
source = "registry+https://github.com/rust-lang/crates.io-index"

[[package]]
name = "lazy_static"
version = "0.1.15"
source = "registry+https://github.com/rust-lang/crates.io-index"

[[package]]
name = "libc"
version = "0.1.12"
source = "registry+https://github.com/rust-lang/crates.io-index"

[[package]]
name = "libc"
version = "0.2.4"
source = "registry+https://github.com/rust-lang/crates.io-index"

[[package]]
name = "libloading"
version = "0.2.1"
source = "registry+https://github.com/rust-lang/crates.io-index"
dependencies = [
 "kernel32-sys 0.2.1 (registry+https://github.com/rust-lang/crates.io-index)",
 "lazy_static 0.1.15 (registry+https://github.com/rust-lang/crates.io-index)",
 "winapi 0.2.5 (registry+https://github.com/rust-lang/crates.io-index)",
]

[[package]]
name = "log"
version = "0.3.4"
source = "registry+https://github.com/rust-lang/crates.io-index"
dependencies = [
 "libc 0.2.4 (registry+https://github.com/rust-lang/crates.io-index)",
]

[[package]]
name = "malloc_buf"
version = "0.0.6"
source = "registry+https://github.com/rust-lang/crates.io-index"
dependencies = [
 "libc 0.2.4 (registry+https://github.com/rust-lang/crates.io-index)",
]

[[package]]
name = "mmap"
version = "0.1.1"
source = "registry+https://github.com/rust-lang/crates.io-index"
dependencies = [
 "libc 0.1.12 (registry+https://github.com/rust-lang/crates.io-index)",
 "tempdir 0.3.4 (registry+https://github.com/rust-lang/crates.io-index)",
]

[[package]]
name = "nalgebra"
version = "0.5.1"
source = "registry+https://github.com/rust-lang/crates.io-index"
dependencies = [
 "num 0.1.30 (registry+https://github.com/rust-lang/crates.io-index)",
 "rand 0.3.13 (registry+https://github.com/rust-lang/crates.io-index)",
 "rustc-serialize 0.3.16 (registry+https://github.com/rust-lang/crates.io-index)",
]

[[package]]
name = "num"
version = "0.1.30"
source = "registry+https://github.com/rust-lang/crates.io-index"
dependencies = [
 "rand 0.3.13 (registry+https://github.com/rust-lang/crates.io-index)",
 "rustc-serialize 0.3.16 (registry+https://github.com/rust-lang/crates.io-index)",
]

[[package]]
name = "objc"
version = "0.1.8"
source = "registry+https://github.com/rust-lang/crates.io-index"
dependencies = [
 "libc 0.2.4 (registry+https://github.com/rust-lang/crates.io-index)",
 "malloc_buf 0.0.6 (registry+https://github.com/rust-lang/crates.io-index)",
]

[[package]]
name = "osmesa-sys"
version = "0.0.5"
source = "registry+https://github.com/rust-lang/crates.io-index"
dependencies = [
 "libc 0.2.4 (registry+https://github.com/rust-lang/crates.io-index)",
 "shared_library 0.1.2 (registry+https://github.com/rust-lang/crates.io-index)",
]

[[package]]
name = "piston-float"
version = "0.2.0"
source = "registry+https://github.com/rust-lang/crates.io-index"

[[package]]
name = "piston3d-cam"
version = "0.2.0"
source = "git+https://github.com/PistonDevelopers/cam#d80404b8eb94a16a1bbf23561bc30c477cc9a44f"
dependencies = [
 "quaternion 0.2.1 (registry+https://github.com/rust-lang/crates.io-index)",
 "vecmath 0.2.0 (registry+https://github.com/rust-lang/crates.io-index)",
]

[[package]]
name = "quaternion"
version = "0.2.1"
source = "registry+https://github.com/rust-lang/crates.io-index"
dependencies = [
 "vecmath 0.2.0 (registry+https://github.com/rust-lang/crates.io-index)",
]

[[package]]
name = "rand"
version = "0.3.13"
source = "registry+https://github.com/rust-lang/crates.io-index"
dependencies = [
 "advapi32-sys 0.1.2 (registry+https://github.com/rust-lang/crates.io-index)",
 "libc 0.2.4 (registry+https://github.com/rust-lang/crates.io-index)",
 "winapi 0.2.5 (registry+https://github.com/rust-lang/crates.io-index)",
]

[[package]]
name = "rustc-serialize"
version = "0.3.16"
source = "registry+https://github.com/rust-lang/crates.io-index"

[[package]]
name = "serde"
version = "0.6.7"
source = "registry+https://github.com/rust-lang/crates.io-index"
dependencies = [
 "num 0.1.30 (registry+https://github.com/rust-lang/crates.io-index)",
]

[[package]]
name = "shared_library"
version = "0.1.2"
source = "registry+https://github.com/rust-lang/crates.io-index"
dependencies = [
 "lazy_static 0.1.15 (registry+https://github.com/rust-lang/crates.io-index)",
 "libc 0.2.4 (registry+https://github.com/rust-lang/crates.io-index)",
]

[[package]]
name = "shell32-sys"
version = "0.1.1"
source = "registry+https://github.com/rust-lang/crates.io-index"
dependencies = [
 "winapi 0.2.5 (registry+https://github.com/rust-lang/crates.io-index)",
 "winapi-build 0.1.1 (registry+https://github.com/rust-lang/crates.io-index)",
]

[[package]]
name = "smallvec"
version = "0.1.5"
source = "registry+https://github.com/rust-lang/crates.io-index"

[[package]]
name = "tempdir"
version = "0.3.4"
source = "registry+https://github.com/rust-lang/crates.io-index"
dependencies = [
 "rand 0.3.13 (registry+https://github.com/rust-lang/crates.io-index)",
]

[[package]]
name = "tempfile"
version = "1.1.3"
source = "registry+https://github.com/rust-lang/crates.io-index"
dependencies = [
 "kernel32-sys 0.2.1 (registry+https://github.com/rust-lang/crates.io-index)",
 "libc 0.2.4 (registry+https://github.com/rust-lang/crates.io-index)",
 "rand 0.3.13 (registry+https://github.com/rust-lang/crates.io-index)",
 "winapi 0.2.5 (registry+https://github.com/rust-lang/crates.io-index)",
]

[[package]]
name = "time"
version = "0.1.34"
source = "registry+https://github.com/rust-lang/crates.io-index"
dependencies = [
 "kernel32-sys 0.2.1 (registry+https://github.com/rust-lang/crates.io-index)",
 "libc 0.2.4 (registry+https://github.com/rust-lang/crates.io-index)",
 "winapi 0.2.5 (registry+https://github.com/rust-lang/crates.io-index)",
]

[[package]]
name = "user32-sys"
version = "0.1.2"
source = "registry+https://github.com/rust-lang/crates.io-index"
dependencies = [
 "winapi 0.2.5 (registry+https://github.com/rust-lang/crates.io-index)",
 "winapi-build 0.1.1 (registry+https://github.com/rust-lang/crates.io-index)",
]

[[package]]
name = "vecmath"
version = "0.2.0"
source = "registry+https://github.com/rust-lang/crates.io-index"
dependencies = [
 "piston-float 0.2.0 (registry+https://github.com/rust-lang/crates.io-index)",
]

[[package]]
name = "wayland-client"
version = "0.5.8"
source = "registry+https://github.com/rust-lang/crates.io-index"
dependencies = [
 "bitflags 0.3.3 (registry+https://github.com/rust-lang/crates.io-index)",
 "crossbeam 0.1.6 (registry+https://github.com/rust-lang/crates.io-index)",
 "dlib 0.2.0 (registry+https://github.com/rust-lang/crates.io-index)",
 "libc 0.2.4 (registry+https://github.com/rust-lang/crates.io-index)",
 "wayland-scanner 0.5.8 (registry+https://github.com/rust-lang/crates.io-index)",
 "wayland-sys 0.5.8 (registry+https://github.com/rust-lang/crates.io-index)",
]

[[package]]
name = "wayland-kbd"
version = "0.3.3"
source = "registry+https://github.com/rust-lang/crates.io-index"
dependencies = [
 "bitflags 0.3.3 (registry+https://github.com/rust-lang/crates.io-index)",
 "dlib 0.2.0 (registry+https://github.com/rust-lang/crates.io-index)",
 "lazy_static 0.1.15 (registry+https://github.com/rust-lang/crates.io-index)",
 "mmap 0.1.1 (registry+https://github.com/rust-lang/crates.io-index)",
 "wayland-client 0.5.8 (registry+https://github.com/rust-lang/crates.io-index)",
]

[[package]]
name = "wayland-scanner"
version = "0.5.8"
source = "registry+https://github.com/rust-lang/crates.io-index"
dependencies = [
 "xml-rs 0.2.2 (registry+https://github.com/rust-lang/crates.io-index)",
]

[[package]]
name = "wayland-sys"
version = "0.5.8"
source = "registry+https://github.com/rust-lang/crates.io-index"
dependencies = [
 "dlib 0.2.0 (registry+https://github.com/rust-lang/crates.io-index)",
 "lazy_static 0.1.15 (registry+https://github.com/rust-lang/crates.io-index)",
]

[[package]]
name = "wayland-window"
version = "0.2.2"
source = "registry+https://github.com/rust-lang/crates.io-index"
dependencies = [
 "byteorder 0.4.2 (registry+https://github.com/rust-lang/crates.io-index)",
 "tempfile 1.1.3 (registry+https://github.com/rust-lang/crates.io-index)",
 "wayland-client 0.5.8 (registry+https://github.com/rust-lang/crates.io-index)",
]

[[package]]
name = "winapi"
version = "0.2.5"
source = "registry+https://github.com/rust-lang/crates.io-index"

[[package]]
name = "winapi-build"
version = "0.1.1"
source = "registry+https://github.com/rust-lang/crates.io-index"

[[package]]
name = "x11-dl"
version = "2.2.1"
source = "registry+https://github.com/rust-lang/crates.io-index"
dependencies = [
 "dylib 0.0.1 (registry+https://github.com/rust-lang/crates.io-index)",
 "libc 0.1.12 (registry+https://github.com/rust-lang/crates.io-index)",
]

[[package]]
name = "xml-rs"
version = "0.1.26"
source = "registry+https://github.com/rust-lang/crates.io-index"
dependencies = [
 "bitflags 0.3.3 (registry+https://github.com/rust-lang/crates.io-index)",
]

[[package]]
name = "xml-rs"
version = "0.2.2"
source = "registry+https://github.com/rust-lang/crates.io-index"
dependencies = [
 "bitflags 0.3.3 (registry+https://github.com/rust-lang/crates.io-index)",
]

[metadata]
"checksum advapi32-sys 0.1.2 (registry+https://github.com/rust-lang/crates.io-index)" = "307c92332867e586720c0222ee9d890bbe8431711efed8a1b06bc5b40fc66bd7"
"checksum android_glue 0.1.3 (registry+https://github.com/rust-lang/crates.io-index)" = "f717214f8b7bac58e0fcfc2efcd716353b487a73f44935d7eab4e7b8f7d90778"
"checksum backtrace 0.1.8 (registry+https://github.com/rust-lang/crates.io-index)" = "150ae7828afa7afb6d474f909d64072d21de1f3365b6e8ad8029bf7b1c6350a0"
"checksum backtrace-sys 0.1.3 (registry+https://github.com/rust-lang/crates.io-index)" = "3216d6e2b2c36c648a78afab0fdcb124d5365f7eb9b0895eab395549d76280d2"
"checksum bitflags 0.3.3 (registry+https://github.com/rust-lang/crates.io-index)" = "32866f4d103c4e438b1db1158aa1b1a80ee078e5d77a59a2f906fd62a577389c"
"checksum byteorder 0.4.2 (registry+https://github.com/rust-lang/crates.io-index)" = "96c8b41881888cc08af32d47ac4edd52bc7fa27fef774be47a92443756451304"
"checksum cfg-if 0.1.0 (registry+https://github.com/rust-lang/crates.io-index)" = "de1e760d7b6535af4241fca8bd8adf68e2e7edacc6b29f5d399050c5e48cf88c"
"checksum cgl 0.1.3 (registry+https://github.com/rust-lang/crates.io-index)" = "9ad544e543ae52cf0ba56e97c2501ed7211ab5b4b9261017dbda680e99978d1d"
"checksum cocoa 0.2.2 (registry+https://github.com/rust-lang/crates.io-index)" = "1bad5a9bb90d4053a64921073c30a37669e1e363ba87efd1ff1dc8554a731434"
"checksum core-foundation 0.2.0 (registry+https://github.com/rust-lang/crates.io-index)" = "86265e39387f38d0bc2ca087e3f1572df46e78227dbb01e41601651bc14e82a4"
"checksum core-foundation-sys 0.2.0 (registry+https://github.com/rust-lang/crates.io-index)" = "301526247f5b60336e7a8941309995fe0dd198ade4c181c6b1ab82ed7761555d"
"checksum core-graphics 0.2.1 (registry+https://github.com/rust-lang/crates.io-index)" = "58207be75aedee3d9ed8e2df2363a2f7167d14c630fc9b584f2b2cd2735e6005"
"checksum crossbeam 0.1.6 (registry+https://github.com/rust-lang/crates.io-index)" = "119610ffbc5caabb7ae37f086b7b9343cef24e37d7282b98ce0d945175786465"
"checksum dbghelp-sys 0.2.0 (registry+https://github.com/rust-lang/crates.io-index)" = "97590ba53bcb8ac28279161ca943a924d1fd4a8fb3fa63302591647c4fc5b850"
"checksum debug-builders 0.1.0 (registry+https://github.com/rust-lang/crates.io-index)" = "0f5d8e3d14cabcb2a8a59d7147289173c6ada77a0bc526f6b85078f941c0cf12"
"checksum dlib 0.2.0 (registry+https://github.com/rust-lang/crates.io-index)" = "98bf25a50ab9878ab67b32da9768738411521961887dd10e9bf75a06d34ff026"
"checksum dwmapi-sys 0.1.0 (registry+https://github.com/rust-lang/crates.io-index)" = "07c4c7cc7b396419bc0a4d90371d0cee16cb5053b53647d287c0b728000c41fe"
"checksum dylib 0.0.1 (registry+https://github.com/rust-lang/crates.io-index)" = "cdff070fc467d71f23c5ac5ebfa0867e8f31146ef529b777723e8cba815e47ae"
"checksum gdi32-sys 0.1.1 (registry+https://github.com/rust-lang/crates.io-index)" = "65256ec4dc2592e6f05bfc1ca3b956a4e0698aa90b1dff1f5687d55a5a3fd59a"
"checksum gl_common 0.1.0 (registry+https://github.com/rust-lang/crates.io-index)" = "c83fd30537051fe4abbcfb80f982d4bdd63038c66bd4346e4ac674892e06b1ca"
"checksum gl_generator 0.3.0 (registry+https://github.com/rust-lang/crates.io-index)" = "8467f47b3fcd1b00d0a7376170888cfcaebbb2ce992fd07bea0a98c672c073f8"
"checksum gl_generator 0.4.2 (registry+https://github.com/rust-lang/crates.io-index)" = "37905b2d6c7ade3f675d4b03cc038709c7868b938c5950f05a4a03f299b21011"
"checksum gleam 0.2.0 (registry+https://github.com/rust-lang/crates.io-index)" = "7742da991a63c239cb3ca0658d6a5260ff7ba3b02e879e4ae3ca1885266b7165"
"checksum glium 0.13.3 (registry+https://github.com/rust-lang/crates.io-index)" = "0e362cf691860b49c6727ee18a0f6ddae08b8a005444bd2b2016c73f2be4ddac"
"checksum glutin 0.4.5 (registry+https://github.com/rust-lang/crates.io-index)" = "459270598670fffb5bb92c1c27a825f01fce867a8b9367e8525469ab64a55453"
"checksum itertools 0.4.6 (registry+https://github.com/rust-lang/crates.io-index)" = "7ecaa0c40c6ab2518810fb1c58e2fa0c509f03354070b384333717161fe6d97e"
"checksum kernel32-sys 0.2.1 (registry+https://github.com/rust-lang/crates.io-index)" = "b5b5e7edf375e6d26243bde172f1d5ed1446f4a766fc9b7006e1fd27258243f1"
"checksum khronos_api 0.0.8 (registry+https://github.com/rust-lang/crates.io-index)" = "292227cfb1e811f7e974c427753fc8539394c6370a6849899306eedf2a478579"
"checksum khronos_api 1.0.0 (registry+https://github.com/rust-lang/crates.io-index)" = "09c9d3760673c427d46f91a0350f0a84a52e6bc5a84adf26dc610b6c52436630"
"checksum lazy_static 0.1.15 (registry+https://github.com/rust-lang/crates.io-index)" = "547fd11b0400fbab39f7a6df53c648cfb01b977233015d9e0784d595a5a6c449"
"checksum libc 0.1.12 (registry+https://github.com/rust-lang/crates.io-index)" = "e32a70cf75e5846d53a673923498228bbec6a8624708a9ea5645f075d6276122"
"checksum libc 0.2.4 (registry+https://github.com/rust-lang/crates.io-index)" = "10569e57695cc2c91ca4214357907649c9e242dc822c9ae623d0e0b0d68aa4d9"
"checksum libloading 0.2.1 (registry+https://github.com/rust-lang/crates.io-index)" = "9bf296a78f7aa1c3ad23da173565367769c84e34af19c6e2d6f6b63da7189b9f"
"checksum log 0.3.4 (registry+https://github.com/rust-lang/crates.io-index)" = "b72ac28ae1b8682bad8b149f4c009c123c40923c1cc1d63acda6508276a84611"
"checksum malloc_buf 0.0.6 (registry+https://github.com/rust-lang/crates.io-index)" = "62bb907fe88d54d8d9ce32a3cceab4218ed2f6b7d35617cafe9adf84e43919cb"
"checksum mmap 0.1.1 (registry+https://github.com/rust-lang/crates.io-index)" = "0bc85448a6006dd2ba26a385a564a8a0f1f2c7e78c70f1a70b2e0f4af286b823"
"checksum nalgebra 0.5.1 (registry+https://github.com/rust-lang/crates.io-index)" = "23df3566842762acc29ee6beca8c1e0435a15acdf3bba5be25aafd6af70271c7"
"checksum num 0.1.30 (registry+https://github.com/rust-lang/crates.io-index)" = "29a08e74b98b17d5e321c2026fe554777b31904b2da0f9333b80cefc99f0b5ae"
"checksum objc 0.1.8 (registry+https://github.com/rust-lang/crates.io-index)" = "5933fd7ec8031398855fc7a2987d786f3f69c5c82113ec330ac5b6ef4c034056"
"checksum osmesa-sys 0.0.5 (registry+https://github.com/rust-lang/crates.io-index)" = "e25c2d8d70fa255d45c280df2c6c22c89cca2b2bbb98a11f223d7cd5d5c5369d"
"checksum piston-float 0.2.0 (registry+https://github.com/rust-lang/crates.io-index)" = "191472f1cf8b069c13ca018975e21e3082fc8ad4beeeda716c51fdc6b964c3d1"
"checksum piston3d-cam 0.2.0 (git+https://github.com/PistonDevelopers/cam)" = "<none>"
"checksum quaternion 0.2.1 (registry+https://github.com/rust-lang/crates.io-index)" = "cf6cafc5110b85d58fa84b4997e53b6d2ba25badbc618e867ea91136fd29be4c"
"checksum rand 0.3.13 (registry+https://github.com/rust-lang/crates.io-index)" = "2416b8bbd96336311c2ff9e6fca7338cc76a57a235d7a153aee88928a06b3657"
"checksum rustc-serialize 0.3.16 (registry+https://github.com/rust-lang/crates.io-index)" = "1a48546a64cae47d06885e9bccadb99d0547d877a94c5167fa451ea33a484456"
"checksum serde 0.6.7 (registry+https://github.com/rust-lang/crates.io-index)" = "ae050127bb777f314f2bd9c67aee5e7e90e5fc35af9a2a10606fe3a1782aa0a5"
"checksum shared_library 0.1.2 (registry+https://github.com/rust-lang/crates.io-index)" = "76ab038064fdac3571ed5d986300edf9482d9ea8aec20ecd1da521f021644e31"
"checksum shell32-sys 0.1.1 (registry+https://github.com/rust-lang/crates.io-index)" = "72f20b8f3c060374edb8046591ba28f62448c369ccbdc7b02075103fb3a9e38d"
"checksum smallvec 0.1.5 (registry+https://github.com/rust-lang/crates.io-index)" = "1cd0758692cbf4ad10ee2738f6f6eaac846bb3ccabd423f9b9a0bf088148ee78"
"checksum tempdir 0.3.4 (registry+https://github.com/rust-lang/crates.io-index)" = "0b62933a3f96cd559700662c34f8bab881d9e3540289fb4f368419c7f13a5aa9"
"checksum tempfile 1.1.3 (registry+https://github.com/rust-lang/crates.io-index)" = "ea9234ab6f388c147f9a44dfd331f2c5ad956387acbb9fa03e99abc5a28e5eaa"
"checksum time 0.1.34 (registry+https://github.com/rust-lang/crates.io-index)" = "8c4aeaa1c95974f5763c3a5ac0db95a19793589bcea5d22e161b5587e3aad029"
"checksum user32-sys 0.1.2 (registry+https://github.com/rust-lang/crates.io-index)" = "6717129de5ac253f5642fc78a51d0c7de6f9f53d617fc94e9bae7f6e71cf5504"
"checksum vecmath 0.2.0 (registry+https://github.com/rust-lang/crates.io-index)" = "91b28177904486404916c2aee33e61ee60445d246ff047fb4196461a3f372ff8"
"checksum wayland-client 0.5.8 (registry+https://github.com/rust-lang/crates.io-index)" = "11f1b51ae27a2d262b3018396f74b7a069c20715554cf52ca4376cc409f59460"
"checksum wayland-kbd 0.3.3 (registry+https://github.com/rust-lang/crates.io-index)" = "fb3774c9aa58bdafce2408041bb36d6df09bf7fb6f9960c696cc6413a7f3def9"
"checksum wayland-scanner 0.5.8 (registry+https://github.com/rust-lang/crates.io-index)" = "b1b68788b3775f1ee096c6aec9946ce4a3ff5d750239a01915c7fff792e1fbef"
"checksum wayland-sys 0.5.8 (registry+https://github.com/rust-lang/crates.io-index)" = "edd8d585d836e6e764abb98468937df25d01d25cf12dceaf270d0c3bda9e6fb7"
"checksum wayland-window 0.2.2 (registry+https://github.com/rust-lang/crates.io-index)" = "d9ce38d12a316f7cff1777fdae44447db000d4d18f4a9f76958cb00d7c8a629a"
"checksum winapi 0.2.5 (registry+https://github.com/rust-lang/crates.io-index)" = "dc3583688b861fcd83c2823d37cf2cd2446c233dd7ba3f97884d1a7302817537"
"checksum winapi-build 0.1.1 (registry+https://github.com/rust-lang/crates.io-index)" = "2d315eee3b34aca4797b2da6b13ed88266e6d612562a0c46390af8299fc699bc"
"checksum x11-dl 2.2.1 (registry+https://github.com/rust-lang/crates.io-index)" = "349db8b7b8be6031ac00cb49ac8b8389e5e1b1743300d2873223be80d35fd216"
"checksum xml-rs 0.1.26 (registry+https://github.com/rust-lang/crates.io-index)" = "4bac8fd82b24db2dd3b54aa7b29f336d8b5ca1830065ce3aada71bce6f661519"
"checksum xml-rs 0.2.2 (registry+https://github.com/rust-lang/crates.io-index)" = "0d7c34f934fa02d71d33e03f2eceecd0adfe881d9acddbbd908318e12d449ebf"
